// !$*UTF8*$!
{
	archiveVersion = 1;
	classes = {
	};
	objectVersion = 46;
	objects = {

/* Begin PBXBuildFile section */
		04C4BEAA1981F7AC00DB9ED6 /* Foundation.framework in Frameworks */ = {isa = PBXBuildFile; fileRef = 04C4BEA91981F7AC00DB9ED6 /* Foundation.framework */; };
		04C4BEAC1981F7AC00DB9ED6 /* CoreGraphics.framework in Frameworks */ = {isa = PBXBuildFile; fileRef = 04C4BEAB1981F7AC00DB9ED6 /* CoreGraphics.framework */; };
		04C4BEAE1981F7AC00DB9ED6 /* UIKit.framework in Frameworks */ = {isa = PBXBuildFile; fileRef = 04C4BEAD1981F7AC00DB9ED6 /* UIKit.framework */; };
		04C4BEB41981F7AC00DB9ED6 /* InfoPlist.strings in Resources */ = {isa = PBXBuildFile; fileRef = 04C4BEB21981F7AC00DB9ED6 /* InfoPlist.strings */; };
		04C4BEB61981F7AC00DB9ED6 /* main.m in Sources */ = {isa = PBXBuildFile; fileRef = 04C4BEB51981F7AC00DB9ED6 /* main.m */; };
		04C4BEBA1981F7AC00DB9ED6 /* AppDelegate.m in Sources */ = {isa = PBXBuildFile; fileRef = 04C4BEB91981F7AC00DB9ED6 /* AppDelegate.m */; };
		04C4BEBD1981F7AC00DB9ED6 /* Main.storyboard in Resources */ = {isa = PBXBuildFile; fileRef = 04C4BEBB1981F7AC00DB9ED6 /* Main.storyboard */; };
		04C4BEC01981F7AC00DB9ED6 /* ViewController.m in Sources */ = {isa = PBXBuildFile; fileRef = 04C4BEBF1981F7AC00DB9ED6 /* ViewController.m */; };
		04C4BEC21981F7AC00DB9ED6 /* Images.xcassets in Resources */ = {isa = PBXBuildFile; fileRef = 04C4BEC11981F7AC00DB9ED6 /* Images.xcassets */; };
		04C4BEC91981F7AC00DB9ED6 /* XCTest.framework in Frameworks */ = {isa = PBXBuildFile; fileRef = 04C4BEC81981F7AC00DB9ED6 /* XCTest.framework */; };
		04C4BECA1981F7AC00DB9ED6 /* Foundation.framework in Frameworks */ = {isa = PBXBuildFile; fileRef = 04C4BEA91981F7AC00DB9ED6 /* Foundation.framework */; };
		04C4BECB1981F7AC00DB9ED6 /* UIKit.framework in Frameworks */ = {isa = PBXBuildFile; fileRef = 04C4BEAD1981F7AC00DB9ED6 /* UIKit.framework */; };
		04C4BED31981F7AC00DB9ED6 /* InfoPlist.strings in Resources */ = {isa = PBXBuildFile; fileRef = 04C4BED11981F7AC00DB9ED6 /* InfoPlist.strings */; };
		04C4BED51981F7AC00DB9ED6 /* AFN____Tests.m in Sources */ = {isa = PBXBuildFile; fileRef = 04C4BED41981F7AC00DB9ED6 /* AFN____Tests.m */; };
		04C4BEDF1981F91000DB9ED6 /* MobileCoreServices.framework in Frameworks */ = {isa = PBXBuildFile; fileRef = 04C4BEDE1981F91000DB9ED6 /* MobileCoreServices.framework */; };
		04C4BEE11981F92F00DB9ED6 /* SystemConfiguration.framework in Frameworks */ = {isa = PBXBuildFile; fileRef = 04C4BEE01981F92F00DB9ED6 /* SystemConfiguration.framework */; };
		04C4BEE31981F93900DB9ED6 /* Security.framework in Frameworks */ = {isa = PBXBuildFile; fileRef = 04C4BEE21981F93900DB9ED6 /* Security.framework */; };
		04C4BEE51981F94A00DB9ED6 /* CoreLocation.framework in Frameworks */ = {isa = PBXBuildFile; fileRef = 04C4BEE41981F94A00DB9ED6 /* CoreLocation.framework */; };
		04C4BEFA1981F96700DB9ED6 /* AFHTTPRequestOperation.m in Sources */ = {isa = PBXBuildFile; fileRef = 04C4BEE81981F96700DB9ED6 /* AFHTTPRequestOperation.m */; };
		04C4BEFB1981F96700DB9ED6 /* AFHTTPRequestOperationManager.m in Sources */ = {isa = PBXBuildFile; fileRef = 04C4BEEA1981F96700DB9ED6 /* AFHTTPRequestOperationManager.m */; };
		04C4BEFC1981F96700DB9ED6 /* AFHTTPSessionManager.m in Sources */ = {isa = PBXBuildFile; fileRef = 04C4BEEC1981F96700DB9ED6 /* AFHTTPSessionManager.m */; };
		04C4BEFD1981F96700DB9ED6 /* AFNetworkReachabilityManager.m in Sources */ = {isa = PBXBuildFile; fileRef = 04C4BEEF1981F96700DB9ED6 /* AFNetworkReachabilityManager.m */; };
		04C4BEFE1981F96700DB9ED6 /* AFSecurityPolicy.m in Sources */ = {isa = PBXBuildFile; fileRef = 04C4BEF11981F96700DB9ED6 /* AFSecurityPolicy.m */; };
		04C4BEFF1981F96700DB9ED6 /* AFURLConnectionOperation.m in Sources */ = {isa = PBXBuildFile; fileRef = 04C4BEF31981F96700DB9ED6 /* AFURLConnectionOperation.m */; };
		04C4BF001981F96700DB9ED6 /* AFURLRequestSerialization.m in Sources */ = {isa = PBXBuildFile; fileRef = 04C4BEF51981F96700DB9ED6 /* AFURLRequestSerialization.m */; };
		04C4BF011981F96700DB9ED6 /* AFURLResponseSerialization.m in Sources */ = {isa = PBXBuildFile; fileRef = 04C4BEF71981F96700DB9ED6 /* AFURLResponseSerialization.m */; };
		04C4BF021981F96700DB9ED6 /* AFURLSessionManager.m in Sources */ = {isa = PBXBuildFile; fileRef = 04C4BEF91981F96700DB9ED6 /* AFURLSessionManager.m */; };
/* End PBXBuildFile section */

/* Begin PBXContainerItemProxy section */
		04C4BECC1981F7AC00DB9ED6 /* PBXContainerItemProxy */ = {
			isa = PBXContainerItemProxy;
			containerPortal = 04C4BE9E1981F7AC00DB9ED6 /* Project object */;
			proxyType = 1;
			remoteGlobalIDString = 04C4BEA51981F7AC00DB9ED6;
			remoteInfo = "AFN框架使用";
		};
/* End PBXContainerItemProxy section */

/* Begin PBXFileReference section */
		04C4BEA61981F7AC00DB9ED6 /* AFN框架使用.app */ = {isa = PBXFileReference; explicitFileType = wrapper.application; includeInIndex = 0; path = "AFN框架使用.app"; sourceTree = BUILT_PRODUCTS_DIR; };
		04C4BEA91981F7AC00DB9ED6 /* Foundation.framework */ = {isa = PBXFileReference; lastKnownFileType = wrapper.framework; name = Foundation.framework; path = System/Library/Frameworks/Foundation.framework; sourceTree = SDKROOT; };
		04C4BEAB1981F7AC00DB9ED6 /* CoreGraphics.framework */ = {isa = PBXFileReference; lastKnownFileType = wrapper.framework; name = CoreGraphics.framework; path = System/Library/Frameworks/CoreGraphics.framework; sourceTree = SDKROOT; };
		04C4BEAD1981F7AC00DB9ED6 /* UIKit.framework */ = {isa = PBXFileReference; lastKnownFileType = wrapper.framework; name = UIKit.framework; path = System/Library/Frameworks/UIKit.framework; sourceTree = SDKROOT; };
		04C4BEB11981F7AC00DB9ED6 /* AFN框架使用-Info.plist */ = {isa = PBXFileReference; lastKnownFileType = text.plist.xml; path = "AFN框架使用-Info.plist"; sourceTree = "<group>"; };
		04C4BEB31981F7AC00DB9ED6 /* en */ = {isa = PBXFileReference; lastKnownFileType = text.plist.strings; name = en; path = en.lproj/InfoPlist.strings; sourceTree = "<group>"; };
		04C4BEB51981F7AC00DB9ED6 /* main.m */ = {isa = PBXFileReference; lastKnownFileType = sourcecode.c.objc; path = main.m; sourceTree = "<group>"; };
		04C4BEB71981F7AC00DB9ED6 /* AFN框架使用-Prefix.pch */ = {isa = PBXFileReference; lastKnownFileType = sourcecode.c.h; path = "AFN框架使用-Prefix.pch"; sourceTree = "<group>"; };
		04C4BEB81981F7AC00DB9ED6 /* AppDelegate.h */ = {isa = PBXFileReference; lastKnownFileType = sourcecode.c.h; path = AppDelegate.h; sourceTree = "<group>"; };
		04C4BEB91981F7AC00DB9ED6 /* AppDelegate.m */ = {isa = PBXFileReference; lastKnownFileType = sourcecode.c.objc; path = AppDelegate.m; sourceTree = "<group>"; };
		04C4BEBC1981F7AC00DB9ED6 /* Base */ = {isa = PBXFileReference; lastKnownFileType = file.storyboard; name = Base; path = Base.lproj/Main.storyboard; sourceTree = "<group>"; };
		04C4BEBE1981F7AC00DB9ED6 /* ViewController.h */ = {isa = PBXFileReference; lastKnownFileType = sourcecode.c.h; path = ViewController.h; sourceTree = "<group>"; };
		04C4BEBF1981F7AC00DB9ED6 /* ViewController.m */ = {isa = PBXFileReference; lastKnownFileType = sourcecode.c.objc; path = ViewController.m; sourceTree = "<group>"; };
		04C4BEC11981F7AC00DB9ED6 /* Images.xcassets */ = {isa = PBXFileReference; lastKnownFileType = folder.assetcatalog; path = Images.xcassets; sourceTree = "<group>"; };
		04C4BEC71981F7AC00DB9ED6 /* AFN框架使用Tests.xctest */ = {isa = PBXFileReference; explicitFileType = wrapper.cfbundle; includeInIndex = 0; path = "AFN框架使用Tests.xctest"; sourceTree = BUILT_PRODUCTS_DIR; };
		04C4BEC81981F7AC00DB9ED6 /* XCTest.framework */ = {isa = PBXFileReference; lastKnownFileType = wrapper.framework; name = XCTest.framework; path = Library/Frameworks/XCTest.framework; sourceTree = DEVELOPER_DIR; };
		04C4BED01981F7AC00DB9ED6 /* AFN框架使用Tests-Info.plist */ = {isa = PBXFileReference; lastKnownFileType = text.plist.xml; path = "AFN框架使用Tests-Info.plist"; sourceTree = "<group>"; };
		04C4BED21981F7AC00DB9ED6 /* en */ = {isa = PBXFileReference; lastKnownFileType = text.plist.strings; name = en; path = en.lproj/InfoPlist.strings; sourceTree = "<group>"; };
		04C4BED41981F7AC00DB9ED6 /* AFN____Tests.m */ = {isa = PBXFileReference; lastKnownFileType = sourcecode.c.objc; path = "AFN____Tests.m"; sourceTree = "<group>"; };
		04C4BEDE1981F91000DB9ED6 /* MobileCoreServices.framework */ = {isa = PBXFileReference; lastKnownFileType = wrapper.framework; name = MobileCoreServices.framework; path = System/Library/Frameworks/MobileCoreServices.framework; sourceTree = SDKROOT; };
		04C4BEE01981F92F00DB9ED6 /* SystemConfiguration.framework */ = {isa = PBXFileReference; lastKnownFileType = wrapper.framework; name = SystemConfiguration.framework; path = System/Library/Frameworks/SystemConfiguration.framework; sourceTree = SDKROOT; };
		04C4BEE21981F93900DB9ED6 /* Security.framework */ = {isa = PBXFileReference; lastKnownFileType = wrapper.framework; name = Security.framework; path = System/Library/Frameworks/Security.framework; sourceTree = SDKROOT; };
		04C4BEE41981F94A00DB9ED6 /* CoreLocation.framework */ = {isa = PBXFileReference; lastKnownFileType = wrapper.framework; name = CoreLocation.framework; path = System/Library/Frameworks/CoreLocation.framework; sourceTree = SDKROOT; };
		04C4BEE71981F96700DB9ED6 /* AFHTTPRequestOperation.h */ = {isa = PBXFileReference; fileEncoding = 4; lastKnownFileType = sourcecode.c.h; path = AFHTTPRequestOperation.h; sourceTree = "<group>"; };
		04C4BEE81981F96700DB9ED6 /* AFHTTPRequestOperation.m */ = {isa = PBXFileReference; fileEncoding = 4; lastKnownFileType = sourcecode.c.objc; path = AFHTTPRequestOperation.m; sourceTree = "<group>"; };
		04C4BEE91981F96700DB9ED6 /* AFHTTPRequestOperationManager.h */ = {isa = PBXFileReference; fileEncoding = 4; lastKnownFileType = sourcecode.c.h; path = AFHTTPRequestOperationManager.h; sourceTree = "<group>"; };
		04C4BEEA1981F96700DB9ED6 /* AFHTTPRequestOperationManager.m */ = {isa = PBXFileReference; fileEncoding = 4; lastKnownFileType = sourcecode.c.objc; path = AFHTTPRequestOperationManager.m; sourceTree = "<group>"; };
		04C4BEEB1981F96700DB9ED6 /* AFHTTPSessionManager.h */ = {isa = PBXFileReference; fileEncoding = 4; lastKnownFileType = sourcecode.c.h; path = AFHTTPSessionManager.h; sourceTree = "<group>"; };
		04C4BEEC1981F96700DB9ED6 /* AFHTTPSessionManager.m */ = {isa = PBXFileReference; fileEncoding = 4; lastKnownFileType = sourcecode.c.objc; path = AFHTTPSessionManager.m; sourceTree = "<group>"; };
		04C4BEED1981F96700DB9ED6 /* AFNetworking.h */ = {isa = PBXFileReference; fileEncoding = 4; lastKnownFileType = sourcecode.c.h; path = AFNetworking.h; sourceTree = "<group>"; };
		04C4BEEE1981F96700DB9ED6 /* AFNetworkReachabilityManager.h */ = {isa = PBXFileReference; fileEncoding = 4; lastKnownFileType = sourcecode.c.h; path = AFNetworkReachabilityManager.h; sourceTree = "<group>"; };
		04C4BEEF1981F96700DB9ED6 /* AFNetworkReachabilityManager.m */ = {isa = PBXFileReference; fileEncoding = 4; lastKnownFileType = sourcecode.c.objc; path = AFNetworkReachabilityManager.m; sourceTree = "<group>"; };
		04C4BEF01981F96700DB9ED6 /* AFSecurityPolicy.h */ = {isa = PBXFileReference; fileEncoding = 4; lastKnownFileType = sourcecode.c.h; path = AFSecurityPolicy.h; sourceTree = "<group>"; };
		04C4BEF11981F96700DB9ED6 /* AFSecurityPolicy.m */ = {isa = PBXFileReference; fileEncoding = 4; lastKnownFileType = sourcecode.c.objc; path = AFSecurityPolicy.m; sourceTree = "<group>"; };
		04C4BEF21981F96700DB9ED6 /* AFURLConnectionOperation.h */ = {isa = PBXFileReference; fileEncoding = 4; lastKnownFileType = sourcecode.c.h; path = AFURLConnectionOperation.h; sourceTree = "<group>"; };
		04C4BEF31981F96700DB9ED6 /* AFURLConnectionOperation.m */ = {isa = PBXFileReference; fileEncoding = 4; lastKnownFileType = sourcecode.c.objc; path = AFURLConnectionOperation.m; sourceTree = "<group>"; };
		04C4BEF41981F96700DB9ED6 /* AFURLRequestSerialization.h */ = {isa = PBXFileReference; fileEncoding = 4; lastKnownFileType = sourcecode.c.h; path = AFURLRequestSerialization.h; sourceTree = "<group>"; };
		04C4BEF51981F96700DB9ED6 /* AFURLRequestSerialization.m */ = {isa = PBXFileReference; fileEncoding = 4; lastKnownFileType = sourcecode.c.objc; path = AFURLRequestSerialization.m; sourceTree = "<group>"; };
		04C4BEF61981F96700DB9ED6 /* AFURLResponseSerialization.h */ = {isa = PBXFileReference; fileEncoding = 4; lastKnownFileType = sourcecode.c.h; path = AFURLResponseSerialization.h; sourceTree = "<group>"; };
		04C4BEF71981F96700DB9ED6 /* AFURLResponseSerialization.m */ = {isa = PBXFileReference; fileEncoding = 4; lastKnownFileType = sourcecode.c.objc; path = AFURLResponseSerialization.m; sourceTree = "<group>"; };
		04C4BEF81981F96700DB9ED6 /* AFURLSessionManager.h */ = {isa = PBXFileReference; fileEncoding = 4; lastKnownFileType = sourcecode.c.h; path = AFURLSessionManager.h; sourceTree = "<group>"; };
		04C4BEF91981F96700DB9ED6 /* AFURLSessionManager.m */ = {isa = PBXFileReference; fileEncoding = 4; lastKnownFileType = sourcecode.c.objc; path = AFURLSessionManager.m; sourceTree = "<group>"; };
/* End PBXFileReference section */

/* Begin PBXFrameworksBuildPhase section */
		04C4BEA31981F7AC00DB9ED6 /* Frameworks */ = {
			isa = PBXFrameworksBuildPhase;
			buildActionMask = 2147483647;
			files = (
				04C4BEE51981F94A00DB9ED6 /* CoreLocation.framework in Frameworks */,
				04C4BEE31981F93900DB9ED6 /* Security.framework in Frameworks */,
				04C4BEE11981F92F00DB9ED6 /* SystemConfiguration.framework in Frameworks */,
				04C4BEDF1981F91000DB9ED6 /* MobileCoreServices.framework in Frameworks */,
				04C4BEAC1981F7AC00DB9ED6 /* CoreGraphics.framework in Frameworks */,
				04C4BEAE1981F7AC00DB9ED6 /* UIKit.framework in Frameworks */,
				04C4BEAA1981F7AC00DB9ED6 /* Foundation.framework in Frameworks */,
			);
			runOnlyForDeploymentPostprocessing = 0;
		};
		04C4BEC41981F7AC00DB9ED6 /* Frameworks */ = {
			isa = PBXFrameworksBuildPhase;
			buildActionMask = 2147483647;
			files = (
				04C4BEC91981F7AC00DB9ED6 /* XCTest.framework in Frameworks */,
				04C4BECB1981F7AC00DB9ED6 /* UIKit.framework in Frameworks */,
				04C4BECA1981F7AC00DB9ED6 /* Foundation.framework in Frameworks */,
			);
			runOnlyForDeploymentPostprocessing = 0;
		};
/* End PBXFrameworksBuildPhase section */

/* Begin PBXGroup section */
		04C4BE9D1981F7AC00DB9ED6 = {
			isa = PBXGroup;
			children = (
				04C4BEAF1981F7AC00DB9ED6 /* AFN框架使用 */,
				04C4BECE1981F7AC00DB9ED6 /* AFN框架使用Tests */,
				04C4BEA81981F7AC00DB9ED6 /* Frameworks */,
				04C4BEA71981F7AC00DB9ED6 /* Products */,
			);
			sourceTree = "<group>";
		};
		04C4BEA71981F7AC00DB9ED6 /* Products */ = {
			isa = PBXGroup;
			children = (
				04C4BEA61981F7AC00DB9ED6 /* AFN框架使用.app */,
				04C4BEC71981F7AC00DB9ED6 /* AFN框架使用Tests.xctest */,
			);
			name = Products;
			sourceTree = "<group>";
		};
		04C4BEA81981F7AC00DB9ED6 /* Frameworks */ = {
			isa = PBXGroup;
			children = (
				04C4BEE41981F94A00DB9ED6 /* CoreLocation.framework */,
				04C4BEE21981F93900DB9ED6 /* Security.framework */,
				04C4BEE01981F92F00DB9ED6 /* SystemConfiguration.framework */,
				04C4BEDE1981F91000DB9ED6 /* MobileCoreServices.framework */,
				04C4BEA91981F7AC00DB9ED6 /* Foundation.framework */,
				04C4BEAB1981F7AC00DB9ED6 /* CoreGraphics.framework */,
				04C4BEAD1981F7AC00DB9ED6 /* UIKit.framework */,
				04C4BEC81981F7AC00DB9ED6 /* XCTest.framework */,
			);
			name = Frameworks;
			sourceTree = "<group>";
		};
		04C4BEAF1981F7AC00DB9ED6 /* AFN框架使用 */ = {
			isa = PBXGroup;
			children = (
				04C4BEB81981F7AC00DB9ED6 /* AppDelegate.h */,
				04C4BEB91981F7AC00DB9ED6 /* AppDelegate.m */,
				04C4BEBB1981F7AC00DB9ED6 /* Main.storyboard */,
				04C4BEBE1981F7AC00DB9ED6 /* ViewController.h */,
				04C4BEBF1981F7AC00DB9ED6 /* ViewController.m */,
				04C4BEC11981F7AC00DB9ED6 /* Images.xcassets */,
				04C4BEE61981F96700DB9ED6 /* AFNetworking */,
				04C4BEB01981F7AC00DB9ED6 /* Supporting Files */,
			);
			path = "AFN框架使用";
			sourceTree = "<group>";
		};
		04C4BEB01981F7AC00DB9ED6 /* Supporting Files */ = {
			isa = PBXGroup;
			children = (
				04C4BEB11981F7AC00DB9ED6 /* AFN框架使用-Info.plist */,
				04C4BEB21981F7AC00DB9ED6 /* InfoPlist.strings */,
				04C4BEB51981F7AC00DB9ED6 /* main.m */,
				04C4BEB71981F7AC00DB9ED6 /* AFN框架使用-Prefix.pch */,
			);
			name = "Supporting Files";
			sourceTree = "<group>";
		};
		04C4BECE1981F7AC00DB9ED6 /* AFN框架使用Tests */ = {
			isa = PBXGroup;
			children = (
				04C4BED41981F7AC00DB9ED6 /* AFN____Tests.m */,
				04C4BECF1981F7AC00DB9ED6 /* Supporting Files */,
			);
			path = "AFN框架使用Tests";
			sourceTree = "<group>";
		};
		04C4BECF1981F7AC00DB9ED6 /* Supporting Files */ = {
			isa = PBXGroup;
			children = (
				04C4BED01981F7AC00DB9ED6 /* AFN框架使用Tests-Info.plist */,
				04C4BED11981F7AC00DB9ED6 /* InfoPlist.strings */,
			);
			name = "Supporting Files";
			sourceTree = "<group>";
		};
		04C4BEE61981F96700DB9ED6 /* AFNetworking */ = {
			isa = PBXGroup;
			children = (
				04C4BEE71981F96700DB9ED6 /* AFHTTPRequestOperation.h */,
				04C4BEE81981F96700DB9ED6 /* AFHTTPRequestOperation.m */,
				04C4BEE91981F96700DB9ED6 /* AFHTTPRequestOperationManager.h */,
				04C4BEEA1981F96700DB9ED6 /* AFHTTPRequestOperationManager.m */,
				04C4BEEB1981F96700DB9ED6 /* AFHTTPSessionManager.h */,
				04C4BEEC1981F96700DB9ED6 /* AFHTTPSessionManager.m */,
				04C4BEED1981F96700DB9ED6 /* AFNetworking.h */,
				04C4BEEE1981F96700DB9ED6 /* AFNetworkReachabilityManager.h */,
				04C4BEEF1981F96700DB9ED6 /* AFNetworkReachabilityManager.m */,
				04C4BEF01981F96700DB9ED6 /* AFSecurityPolicy.h */,
				04C4BEF11981F96700DB9ED6 /* AFSecurityPolicy.m */,
				04C4BEF21981F96700DB9ED6 /* AFURLConnectionOperation.h */,
				04C4BEF31981F96700DB9ED6 /* AFURLConnectionOperation.m */,
				04C4BEF41981F96700DB9ED6 /* AFURLRequestSerialization.h */,
				04C4BEF51981F96700DB9ED6 /* AFURLRequestSerialization.m */,
				04C4BEF61981F96700DB9ED6 /* AFURLResponseSerialization.h */,
				04C4BEF71981F96700DB9ED6 /* AFURLResponseSerialization.m */,
				04C4BEF81981F96700DB9ED6 /* AFURLSessionManager.h */,
				04C4BEF91981F96700DB9ED6 /* AFURLSessionManager.m */,
			);
			path = AFNetworking;
			sourceTree = "<group>";
		};
/* End PBXGroup section */

/* Begin PBXNativeTarget section */
		04C4BEA51981F7AC00DB9ED6 /* AFN框架使用 */ = {
			isa = PBXNativeTarget;
			buildConfigurationList = 04C4BED81981F7AC00DB9ED6 /* Build configuration list for PBXNativeTarget "AFN框架使用" */;
			buildPhases = (
				04C4BEA21981F7AC00DB9ED6 /* Sources */,
				04C4BEA31981F7AC00DB9ED6 /* Frameworks */,
				04C4BEA41981F7AC00DB9ED6 /* Resources */,
			);
			buildRules = (
			);
			dependencies = (
			);
			name = "AFN框架使用";
			productName = "AFN框架使用";
			productReference = 04C4BEA61981F7AC00DB9ED6 /* AFN框架使用.app */;
			productType = "com.apple.product-type.application";
		};
		04C4BEC61981F7AC00DB9ED6 /* AFN框架使用Tests */ = {
			isa = PBXNativeTarget;
			buildConfigurationList = 04C4BEDB1981F7AC00DB9ED6 /* Build configuration list for PBXNativeTarget "AFN框架使用Tests" */;
			buildPhases = (
				04C4BEC31981F7AC00DB9ED6 /* Sources */,
				04C4BEC41981F7AC00DB9ED6 /* Frameworks */,
				04C4BEC51981F7AC00DB9ED6 /* Resources */,
			);
			buildRules = (
			);
			dependencies = (
				04C4BECD1981F7AC00DB9ED6 /* PBXTargetDependency */,
			);
			name = "AFN框架使用Tests";
			productName = "AFN框架使用Tests";
			productReference = 04C4BEC71981F7AC00DB9ED6 /* AFN框架使用Tests.xctest */;
			productType = "com.apple.product-type.bundle.unit-test";
		};
/* End PBXNativeTarget section */

/* Begin PBXProject section */
		04C4BE9E1981F7AC00DB9ED6 /* Project object */ = {
			isa = PBXProject;
			attributes = {
				LastUpgradeCheck = 0500;
				ORGANIZATIONNAME = mac;
				TargetAttributes = {
					04C4BEC61981F7AC00DB9ED6 = {
						TestTargetID = 04C4BEA51981F7AC00DB9ED6;
					};
				};
			};
			buildConfigurationList = 04C4BEA11981F7AC00DB9ED6 /* Build configuration list for PBXProject "AFN框架使用" */;
			compatibilityVersion = "Xcode 3.2";
			developmentRegion = English;
			hasScannedForEncodings = 0;
			knownRegions = (
				en,
				Base,
			);
			mainGroup = 04C4BE9D1981F7AC00DB9ED6;
			productRefGroup = 04C4BEA71981F7AC00DB9ED6 /* Products */;
			projectDirPath = "";
			projectRoot = "";
			targets = (
				04C4BEA51981F7AC00DB9ED6 /* AFN框架使用 */,
				04C4BEC61981F7AC00DB9ED6 /* AFN框架使用Tests */,
			);
		};
/* End PBXProject section */

/* Begin PBXResourcesBuildPhase section */
		04C4BEA41981F7AC00DB9ED6 /* Resources */ = {
			isa = PBXResourcesBuildPhase;
			buildActionMask = 2147483647;
			files = (
				04C4BEC21981F7AC00DB9ED6 /* Images.xcassets in Resources */,
				04C4BEB41981F7AC00DB9ED6 /* InfoPlist.strings in Resources */,
				04C4BEBD1981F7AC00DB9ED6 /* Main.storyboard in Resources */,
			);
			runOnlyForDeploymentPostprocessing = 0;
		};
		04C4BEC51981F7AC00DB9ED6 /* Resources */ = {
			isa = PBXResourcesBuildPhase;
			buildActionMask = 2147483647;
			files = (
				04C4BED31981F7AC00DB9ED6 /* InfoPlist.strings in Resources */,
			);
			runOnlyForDeploymentPostprocessing = 0;
		};
/* End PBXResourcesBuildPhase section */

/* Begin PBXSourcesBuildPhase section */
		04C4BEA21981F7AC00DB9ED6 /* Sources */ = {
			isa = PBXSourcesBuildPhase;
			buildActionMask = 2147483647;
			files = (
				04C4BEFA1981F96700DB9ED6 /* AFHTTPRequestOperation.m in Sources */,
				04C4BEC01981F7AC00DB9ED6 /* ViewController.m in Sources */,
				04C4BEFB1981F96700DB9ED6 /* AFHTTPRequestOperationManager.m in Sources */,
				04C4BEFD1981F96700DB9ED6 /* AFNetworkReachabilityManager.m in Sources */,
				04C4BF011981F96700DB9ED6 /* AFURLResponseSerialization.m in Sources */,
				04C4BEFF1981F96700DB9ED6 /* AFURLConnectionOperation.m in Sources */,
				04C4BEFE1981F96700DB9ED6 /* AFSecurityPolicy.m in Sources */,
				04C4BEFC1981F96700DB9ED6 /* AFHTTPSessionManager.m in Sources */,
				04C4BF001981F96700DB9ED6 /* AFURLRequestSerialization.m in Sources */,
				04C4BF021981F96700DB9ED6 /* AFURLSessionManager.m in Sources */,
				04C4BEBA1981F7AC00DB9ED6 /* AppDelegate.m in Sources */,
				04C4BEB61981F7AC00DB9ED6 /* main.m in Sources */,
			);
			runOnlyForDeploymentPostprocessing = 0;
		};
		04C4BEC31981F7AC00DB9ED6 /* Sources */ = {
			isa = PBXSourcesBuildPhase;
			buildActionMask = 2147483647;
			files = (
				04C4BED51981F7AC00DB9ED6 /* AFN____Tests.m in Sources */,
			);
			runOnlyForDeploymentPostprocessing = 0;
		};
/* End PBXSourcesBuildPhase section */

/* Begin PBXTargetDependency section */
		04C4BECD1981F7AC00DB9ED6 /* PBXTargetDependency */ = {
			isa = PBXTargetDependency;
			target = 04C4BEA51981F7AC00DB9ED6 /* AFN框架使用 */;
			targetProxy = 04C4BECC1981F7AC00DB9ED6 /* PBXContainerItemProxy */;
		};
/* End PBXTargetDependency section */

/* Begin PBXVariantGroup section */
		04C4BEB21981F7AC00DB9ED6 /* InfoPlist.strings */ = {
			isa = PBXVariantGroup;
			children = (
				04C4BEB31981F7AC00DB9ED6 /* en */,
			);
			name = InfoPlist.strings;
			sourceTree = "<group>";
		};
		04C4BEBB1981F7AC00DB9ED6 /* Main.storyboard */ = {
			isa = PBXVariantGroup;
			children = (
				04C4BEBC1981F7AC00DB9ED6 /* Base */,
			);
			name = Main.storyboard;
			sourceTree = "<group>";
		};
		04C4BED11981F7AC00DB9ED6 /* InfoPlist.strings */ = {
			isa = PBXVariantGroup;
			children = (
				04C4BED21981F7AC00DB9ED6 /* en */,
			);
			name = InfoPlist.strings;
			sourceTree = "<group>";
		};
/* End PBXVariantGroup section */

/* Begin XCBuildConfiguration section */
		04C4BED61981F7AC00DB9ED6 /* Debug */ = {
			isa = XCBuildConfiguration;
			buildSettings = {
				ALWAYS_SEARCH_USER_PATHS = NO;
				ARCHS = "$(ARCHS_STANDARD_INCLUDING_64_BIT)";
				CLANG_CXX_LANGUAGE_STANDARD = "gnu++0x";
				CLANG_CXX_LIBRARY = "libc++";
				CLANG_ENABLE_MODULES = YES;
				CLANG_ENABLE_OBJC_ARC = YES;
				CLANG_WARN_BOOL_CONVERSION = YES;
				CLANG_WARN_CONSTANT_CONVERSION = YES;
				CLANG_WARN_DIRECT_OBJC_ISA_USAGE = YES_ERROR;
				CLANG_WARN_EMPTY_BODY = YES;
				CLANG_WARN_ENUM_CONVERSION = YES;
				CLANG_WARN_INT_CONVERSION = YES;
				CLANG_WARN_OBJC_ROOT_CLASS = YES_ERROR;
				CLANG_WARN__DUPLICATE_METHOD_MATCH = YES;
				"CODE_SIGN_IDENTITY[sdk=iphoneos*]" = "iPhone Developer";
				COPY_PHASE_STRIP = NO;
				GCC_C_LANGUAGE_STANDARD = gnu99;
				GCC_DYNAMIC_NO_PIC = NO;
				GCC_OPTIMIZATION_LEVEL = 0;
				GCC_PREPROCESSOR_DEFINITIONS = (
					"DEBUG=1",
					"$(inherited)",
				);
				GCC_SYMBOLS_PRIVATE_EXTERN = NO;
				GCC_WARN_64_TO_32_BIT_CONVERSION = YES;
				GCC_WARN_ABOUT_RETURN_TYPE = YES_ERROR;
				GCC_WARN_UNDECLARED_SELECTOR = YES;
				GCC_WARN_UNINITIALIZED_AUTOS = YES;
				GCC_WARN_UNUSED_FUNCTION = YES;
				GCC_WARN_UNUSED_VARIABLE = YES;
				IPHONEOS_DEPLOYMENT_TARGET = 7.0;
				ONLY_ACTIVE_ARCH = YES;
				SDKROOT = iphoneos;
			};
			name = Debug;
		};
		04C4BED71981F7AC00DB9ED6 /* Release */ = {
			isa = XCBuildConfiguration;
			buildSettings = {
				ALWAYS_SEARCH_USER_PATHS = NO;
				ARCHS = "$(ARCHS_STANDARD_INCLUDING_64_BIT)";
				CLANG_CXX_LANGUAGE_STANDARD = "gnu++0x";
				CLANG_CXX_LIBRARY = "libc++";
				CLANG_ENABLE_MODULES = YES;
				CLANG_ENABLE_OBJC_ARC = YES;
				CLANG_WARN_BOOL_CONVERSION = YES;
				CLANG_WARN_CONSTANT_CONVERSION = YES;
				CLANG_WARN_DIRECT_OBJC_ISA_USAGE = YES_ERROR;
				CLANG_WARN_EMPTY_BODY = YES;
				CLANG_WARN_ENUM_CONVERSION = YES;
				CLANG_WARN_INT_CONVERSION = YES;
				CLANG_WARN_OBJC_ROOT_CLASS = YES_ERROR;
				CLANG_WARN__DUPLICATE_METHOD_MATCH = YES;
				"CODE_SIGN_IDENTITY[sdk=iphoneos*]" = "iPhone Developer";
				COPY_PHASE_STRIP = YES;
				ENABLE_NS_ASSERTIONS = NO;
				GCC_C_LANGUAGE_STANDARD = gnu99;
				GCC_WARN_64_TO_32_BIT_CONVERSION = YES;
				GCC_WARN_ABOUT_RETURN_TYPE = YES_ERROR;
				GCC_WARN_UNDECLARED_SELECTOR = YES;
				GCC_WARN_UNINITIALIZED_AUTOS = YES;
				GCC_WARN_UNUSED_FUNCTION = YES;
				GCC_WARN_UNUSED_VARIABLE = YES;
				IPHONEOS_DEPLOYMENT_TARGET = 7.0;
				SDKROOT = iphoneos;
				VALIDATE_PRODUCT = YES;
			};
			name = Release;
		};
		04C4BED91981F7AC00DB9ED6 /* Debug */ = {
			isa = XCBuildConfiguration;
			buildSettings = {
				ASSETCATALOG_COMPILER_APPICON_NAME = AppIcon;
				ASSETCATALOG_COMPILER_LAUNCHIMAGE_NAME = LaunchImage;
				GCC_PRECOMPILE_PREFIX_HEADER = YES;
				GCC_PREFIX_HEADER = "AFN框架使用/AFN框架使用-Prefix.pch";
				INFOPLIST_FILE = "AFN框架使用/AFN框架使用-Info.plist";
				IPHONEOS_DEPLOYMENT_TARGET = 6.0;
				PRODUCT_NAME = "$(TARGET_NAME)";
				WRAPPER_EXTENSION = app;
			};
			name = Debug;
		};
		04C4BEDA1981F7AC00DB9ED6 /* Release */ = {
			isa = XCBuildConfiguration;
			buildSettings = {
				ASSETCATALOG_COMPILER_APPICON_NAME = AppIcon;
				ASSETCATALOG_COMPILER_LAUNCHIMAGE_NAME = LaunchImage;
				GCC_PRECOMPILE_PREFIX_HEADER = YES;
				GCC_PREFIX_HEADER = "AFN框架使用/AFN框架使用-Prefix.pch";
				INFOPLIST_FILE = "AFN框架使用/AFN框架使用-Info.plist";
				IPHONEOS_DEPLOYMENT_TARGET = 6.0;
				PRODUCT_NAME = "$(TARGET_NAME)";
				WRAPPER_EXTENSION = app;
			};
			name = Release;
		};
		04C4BEDC1981F7AC00DB9ED6 /* Debug */ = {
			isa = XCBuildConfiguration;
			buildSettings = {
				ARCHS = "$(ARCHS_STANDARD_INCLUDING_64_BIT)";
				BUNDLE_LOADER = "$(BUILT_PRODUCTS_DIR)/AFN框架使用.app/AFN框架使用";
				FRAMEWORK_SEARCH_PATHS = (
					"$(SDKROOT)/Developer/Library/Frameworks",
					"$(inherited)",
					"$(DEVELOPER_FRAMEWORKS_DIR)",
				);
				GCC_PRECOMPILE_PREFIX_HEADER = YES;
				GCC_PREFIX_HEADER = "AFN框架使用/AFN框架使用-Prefix.pch";
				GCC_PREPROCESSOR_DEFINITIONS = (
					"DEBUG=1",
					"$(inherited)",
				);
				INFOPLIST_FILE = "AFN框架使用Tests/AFN框架使用Tests-Info.plist";
				PRODUCT_NAME = "$(TARGET_NAME)";
				TEST_HOST = "$(BUNDLE_LOADER)";
				WRAPPER_EXTENSION = xctest;
			};
			name = Debug;
		};
		04C4BEDD1981F7AC00DB9ED6 /* Release */ = {
			isa = XCBuildConfiguration;
			buildSettings = {
				ARCHS = "$(ARCHS_STANDARD_INCLUDING_64_BIT)";
				BUNDLE_LOADER = "$(BUILT_PRODUCTS_DIR)/AFN框架使用.app/AFN框架使用";
				FRAMEWORK_SEARCH_PATHS = (
					"$(SDKROOT)/Developer/Library/Frameworks",
					"$(inherited)",
					"$(DEVELOPER_FRAMEWORKS_DIR)",
				);
				GCC_PRECOMPILE_PREFIX_HEADER = YES;
				GCC_PREFIX_HEADER = "AFN框架使用/AFN框架使用-Prefix.pch";
				INFOPLIST_FILE = "AFN框架使用Tests/AFN框架使用Tests-Info.plist";
				PRODUCT_NAME = "$(TARGET_NAME)";
				TEST_HOST = "$(BUNDLE_LOADER)";
				WRAPPER_EXTENSION = xctest;
			};
			name = Release;
		};
/* End XCBuildConfiguration section */

/* Begin XCConfigurationList section */
		04C4BEA11981F7AC00DB9ED6 /* Build configuration list for PBXProject "AFN框架使用" */ = {
			isa = XCConfigurationList;
			buildConfigurations = (
				04C4BED61981F7AC00DB9ED6 /* Debug */,
				04C4BED71981F7AC00DB9ED6 /* Release */,
			);
			defaultConfigurationIsVisible = 0;
			defaultConfigurationName = Release;
		};
		04C4BED81981F7AC00DB9ED6 /* Build configuration list for PBXNativeTarget "AFN框架使用" */ = {
			isa = XCConfigurationList;
			buildConfigurations = (
				04C4BED91981F7AC00DB9ED6 /* Debug */,
				04C4BEDA1981F7AC00DB9ED6 /* Release */,
			);
			defaultConfigurationIsVisible = 0;
		};
		04C4BEDB1981F7AC00DB9ED6 /* Build configuration list for PBXNativeTarget "AFN框架使用Tests" */ = {
			isa = XCConfigurationList;
			buildConfigurations = (
				04C4BEDC1981F7AC00DB9ED6 /* Debug */,
				04C4BEDD1981F7AC00DB9ED6 /* Release */,
			);
			defaultConfigurationIsVisible = 0;
		};
/* End XCConfigurationList section */
	};
	rootObject = 04C4BE9E1981F7AC00DB9ED6 /* Project object */;
}
