// !$*UTF8*$!
{
	archiveVersion = 1;
	classes = {
	};
	objectVersion = 46;
	objects = {

/* Begin PBXBuildFile section */
		04D0160D197959F000BA3CED /* Foundation.framework in Frameworks */ = {isa = PBXBuildFile; fileRef = 04D0160C197959F000BA3CED /* Foundation.framework */; };
		04D0160F197959F000BA3CED /* CoreGraphics.framework in Frameworks */ = {isa = PBXBuildFile; fileRef = 04D0160E197959F000BA3CED /* CoreGraphics.framework */; };
		04D01611197959F000BA3CED /* UIKit.framework in Frameworks */ = {isa = PBXBuildFile; fileRef = 04D01610197959F000BA3CED /* UIKit.framework */; };
		04D01617197959F000BA3CED /* InfoPlist.strings in Resources */ = {isa = PBXBuildFile; fileRef = 04D01615197959F000BA3CED /* InfoPlist.strings */; };
		04D01619197959F000BA3CED /* main.m in Sources */ = {isa = PBXBuildFile; fileRef = 04D01618197959F000BA3CED /* main.m */; };
		04D0161D197959F000BA3CED /* AppDelegate.m in Sources */ = {isa = PBXBuildFile; fileRef = 04D0161C197959F000BA3CED /* AppDelegate.m */; };
		04D01620197959F000BA3CED /* Main.storyboard in Resources */ = {isa = PBXBuildFile; fileRef = 04D0161E197959F000BA3CED /* Main.storyboard */; };
		04D01623197959F000BA3CED /* ViewController.m in Sources */ = {isa = PBXBuildFile; fileRef = 04D01622197959F000BA3CED /* ViewController.m */; };
		04D01625197959F000BA3CED /* Images.xcassets in Resources */ = {isa = PBXBuildFile; fileRef = 04D01624197959F000BA3CED /* Images.xcassets */; };
		04D0162C197959F000BA3CED /* XCTest.framework in Frameworks */ = {isa = PBXBuildFile; fileRef = 04D0162B197959F000BA3CED /* XCTest.framework */; };
		04D0162D197959F000BA3CED /* Foundation.framework in Frameworks */ = {isa = PBXBuildFile; fileRef = 04D0160C197959F000BA3CED /* Foundation.framework */; };
		04D0162E197959F000BA3CED /* UIKit.framework in Frameworks */ = {isa = PBXBuildFile; fileRef = 04D01610197959F000BA3CED /* UIKit.framework */; };
		04D01636197959F000BA3CED /* InfoPlist.strings in Resources */ = {isa = PBXBuildFile; fileRef = 04D01634197959F000BA3CED /* InfoPlist.strings */; };
		04D01638197959F000BA3CED /* JSON__Tests.m in Sources */ = {isa = PBXBuildFile; fileRef = 04D01637197959F000BA3CED /* JSON__Tests.m */; };
/* End PBXBuildFile section */

/* Begin PBXContainerItemProxy section */
		04D0162F197959F000BA3CED /* PBXContainerItemProxy */ = {
			isa = PBXContainerItemProxy;
			containerPortal = 04D01601197959F000BA3CED /* Project object */;
			proxyType = 1;
			remoteGlobalIDString = 04D01608197959F000BA3CED;
			remoteInfo = "JSON解析";
		};
/* End PBXContainerItemProxy section */

/* Begin PBXFileReference section */
		04D01609197959F000BA3CED /* JSON解析.app */ = {isa = PBXFileReference; explicitFileType = wrapper.application; includeInIndex = 0; path = "JSON解析.app"; sourceTree = BUILT_PRODUCTS_DIR; };
		04D0160C197959F000BA3CED /* Foundation.framework */ = {isa = PBXFileReference; lastKnownFileType = wrapper.framework; name = Foundation.framework; path = System/Library/Frameworks/Foundation.framework; sourceTree = SDKROOT; };
		04D0160E197959F000BA3CED /* CoreGraphics.framework */ = {isa = PBXFileReference; lastKnownFileType = wrapper.framework; name = CoreGraphics.framework; path = System/Library/Frameworks/CoreGraphics.framework; sourceTree = SDKROOT; };
		04D01610197959F000BA3CED /* UIKit.framework */ = {isa = PBXFileReference; lastKnownFileType = wrapper.framework; name = UIKit.framework; path = System/Library/Frameworks/UIKit.framework; sourceTree = SDKROOT; };
		04D01614197959F000BA3CED /* JSON解析-Info.plist */ = {isa = PBXFileReference; lastKnownFileType = text.plist.xml; path = "JSON解析-Info.plist"; sourceTree = "<group>"; };
		04D01616197959F000BA3CED /* en */ = {isa = PBXFileReference; lastKnownFileType = text.plist.strings; name = en; path = en.lproj/InfoPlist.strings; sourceTree = "<group>"; };
		04D01618197959F000BA3CED /* main.m */ = {isa = PBXFileReference; lastKnownFileType = sourcecode.c.objc; path = main.m; sourceTree = "<group>"; };
		04D0161A197959F000BA3CED /* JSON解析-Prefix.pch */ = {isa = PBXFileReference; lastKnownFileType = sourcecode.c.h; path = "JSON解析-Prefix.pch"; sourceTree = "<group>"; };
		04D0161B197959F000BA3CED /* AppDelegate.h */ = {isa = PBXFileReference; lastKnownFileType = sourcecode.c.h; path = AppDelegate.h; sourceTree = "<group>"; };
		04D0161C197959F000BA3CED /* AppDelegate.m */ = {isa = PBXFileReference; lastKnownFileType = sourcecode.c.objc; path = AppDelegate.m; sourceTree = "<group>"; };
		04D0161F197959F000BA3CED /* Base */ = {isa = PBXFileReference; lastKnownFileType = file.storyboard; name = Base; path = Base.lproj/Main.storyboard; sourceTree = "<group>"; };
		04D01621197959F000BA3CED /* ViewController.h */ = {isa = PBXFileReference; lastKnownFileType = sourcecode.c.h; path = ViewController.h; sourceTree = "<group>"; };
		04D01622197959F000BA3CED /* ViewController.m */ = {isa = PBXFileReference; lastKnownFileType = sourcecode.c.objc; path = ViewController.m; sourceTree = "<group>"; };
		04D01624197959F000BA3CED /* Images.xcassets */ = {isa = PBXFileReference; lastKnownFileType = folder.assetcatalog; path = Images.xcassets; sourceTree = "<group>"; };
		04D0162A197959F000BA3CED /* JSON解析Tests.xctest */ = {isa = PBXFileReference; explicitFileType = wrapper.cfbundle; includeInIndex = 0; path = "JSON解析Tests.xctest"; sourceTree = BUILT_PRODUCTS_DIR; };
		04D0162B197959F000BA3CED /* XCTest.framework */ = {isa = PBXFileReference; lastKnownFileType = wrapper.framework; name = XCTest.framework; path = Library/Frameworks/XCTest.framework; sourceTree = DEVELOPER_DIR; };
		04D01633197959F000BA3CED /* JSON解析Tests-Info.plist */ = {isa = PBXFileReference; lastKnownFileType = text.plist.xml; path = "JSON解析Tests-Info.plist"; sourceTree = "<group>"; };
		04D01635197959F000BA3CED /* en */ = {isa = PBXFileReference; lastKnownFileType = text.plist.strings; name = en; path = en.lproj/InfoPlist.strings; sourceTree = "<group>"; };
		04D01637197959F000BA3CED /* JSON__Tests.m */ = {isa = PBXFileReference; lastKnownFileType = sourcecode.c.objc; path = JSON__Tests.m; sourceTree = "<group>"; };
/* End PBXFileReference section */

/* Begin PBXFrameworksBuildPhase section */
		04D01606197959F000BA3CED /* Frameworks */ = {
			isa = PBXFrameworksBuildPhase;
			buildActionMask = 2147483647;
			files = (
				04D0160F197959F000BA3CED /* CoreGraphics.framework in Frameworks */,
				04D01611197959F000BA3CED /* UIKit.framework in Frameworks */,
				04D0160D197959F000BA3CED /* Foundation.framework in Frameworks */,
			);
			runOnlyForDeploymentPostprocessing = 0;
		};
		04D01627197959F000BA3CED /* Frameworks */ = {
			isa = PBXFrameworksBuildPhase;
			buildActionMask = 2147483647;
			files = (
				04D0162C197959F000BA3CED /* XCTest.framework in Frameworks */,
				04D0162E197959F000BA3CED /* UIKit.framework in Frameworks */,
				04D0162D197959F000BA3CED /* Foundation.framework in Frameworks */,
			);
			runOnlyForDeploymentPostprocessing = 0;
		};
/* End PBXFrameworksBuildPhase section */

/* Begin PBXGroup section */
		04D01600197959F000BA3CED = {
			isa = PBXGroup;
			children = (
				04D01612197959F000BA3CED /* JSON解析 */,
				04D01631197959F000BA3CED /* JSON解析Tests */,
				04D0160B197959F000BA3CED /* Frameworks */,
				04D0160A197959F000BA3CED /* Products */,
			);
			sourceTree = "<group>";
		};
		04D0160A197959F000BA3CED /* Products */ = {
			isa = PBXGroup;
			children = (
				04D01609197959F000BA3CED /* JSON解析.app */,
				04D0162A197959F000BA3CED /* JSON解析Tests.xctest */,
			);
			name = Products;
			sourceTree = "<group>";
		};
		04D0160B197959F000BA3CED /* Frameworks */ = {
			isa = PBXGroup;
			children = (
				04D0160C197959F000BA3CED /* Foundation.framework */,
				04D0160E197959F000BA3CED /* CoreGraphics.framework */,
				04D01610197959F000BA3CED /* UIKit.framework */,
				04D0162B197959F000BA3CED /* XCTest.framework */,
			);
			name = Frameworks;
			sourceTree = "<group>";
		};
		04D01612197959F000BA3CED /* JSON解析 */ = {
			isa = PBXGroup;
			children = (
				04D0161B197959F000BA3CED /* AppDelegate.h */,
				04D0161C197959F000BA3CED /* AppDelegate.m */,
				04D0161E197959F000BA3CED /* Main.storyboard */,
				04D01621197959F000BA3CED /* ViewController.h */,
				04D01622197959F000BA3CED /* ViewController.m */,
				04D01624197959F000BA3CED /* Images.xcassets */,
				04D01613197959F000BA3CED /* Supporting Files */,
			);
			path = "JSON解析";
			sourceTree = "<group>";
		};
		04D01613197959F000BA3CED /* Supporting Files */ = {
			isa = PBXGroup;
			children = (
				04D01614197959F000BA3CED /* JSON解析-Info.plist */,
				04D01615197959F000BA3CED /* InfoPlist.strings */,
				04D01618197959F000BA3CED /* main.m */,
				04D0161A197959F000BA3CED /* JSON解析-Prefix.pch */,
			);
			name = "Supporting Files";
			sourceTree = "<group>";
		};
		04D01631197959F000BA3CED /* JSON解析Tests */ = {
			isa = PBXGroup;
			children = (
				04D01637197959F000BA3CED /* JSON__Tests.m */,
				04D01632197959F000BA3CED /* Supporting Files */,
			);
			path = "JSON解析Tests";
			sourceTree = "<group>";
		};
		04D01632197959F000BA3CED /* Supporting Files */ = {
			isa = PBXGroup;
			children = (
				04D01633197959F000BA3CED /* JSON解析Tests-Info.plist */,
				04D01634197959F000BA3CED /* InfoPlist.strings */,
			);
			name = "Supporting Files";
			sourceTree = "<group>";
		};
/* End PBXGroup section */

/* Begin PBXNativeTarget section */
		04D01608197959F000BA3CED /* JSON解析 */ = {
			isa = PBXNativeTarget;
			buildConfigurationList = 04D0163B197959F000BA3CED /* Build configuration list for PBXNativeTarget "JSON解析" */;
			buildPhases = (
				04D01605197959F000BA3CED /* Sources */,
				04D01606197959F000BA3CED /* Frameworks */,
				04D01607197959F000BA3CED /* Resources */,
			);
			buildRules = (
			);
			dependencies = (
			);
			name = "JSON解析";
			productName = "JSON解析";
			productReference = 04D01609197959F000BA3CED /* JSON解析.app */;
			productType = "com.apple.product-type.application";
		};
		04D01629197959F000BA3CED /* JSON解析Tests */ = {
			isa = PBXNativeTarget;
			buildConfigurationList = 04D0163E197959F000BA3CED /* Build configuration list for PBXNativeTarget "JSON解析Tests" */;
			buildPhases = (
				04D01626197959F000BA3CED /* Sources */,
				04D01627197959F000BA3CED /* Frameworks */,
				04D01628197959F000BA3CED /* Resources */,
			);
			buildRules = (
			);
			dependencies = (
				04D01630197959F000BA3CED /* PBXTargetDependency */,
			);
			name = "JSON解析Tests";
			productName = "JSON解析Tests";
			productReference = 04D0162A197959F000BA3CED /* JSON解析Tests.xctest */;
			productType = "com.apple.product-type.bundle.unit-test";
		};
/* End PBXNativeTarget section */

/* Begin PBXProject section */
		04D01601197959F000BA3CED /* Project object */ = {
			isa = PBXProject;
			attributes = {
				LastUpgradeCheck = 0500;
				ORGANIZATIONNAME = mac;
				TargetAttributes = {
					04D01629197959F000BA3CED = {
						TestTargetID = 04D01608197959F000BA3CED;
					};
				};
			};
			buildConfigurationList = 04D01604197959F000BA3CED /* Build configuration list for PBXProject "JSON解析" */;
			compatibilityVersion = "Xcode 3.2";
			developmentRegion = English;
			hasScannedForEncodings = 0;
			knownRegions = (
				en,
				Base,
			);
			mainGroup = 04D01600197959F000BA3CED;
			productRefGroup = 04D0160A197959F000BA3CED /* Products */;
			projectDirPath = "";
			projectRoot = "";
			targets = (
				04D01608197959F000BA3CED /* JSON解析 */,
				04D01629197959F000BA3CED /* JSON解析Tests */,
			);
		};
/* End PBXProject section */

/* Begin PBXResourcesBuildPhase section */
		04D01607197959F000BA3CED /* Resources */ = {
			isa = PBXResourcesBuildPhase;
			buildActionMask = 2147483647;
			files = (
				04D01625197959F000BA3CED /* Images.xcassets in Resources */,
				04D01617197959F000BA3CED /* InfoPlist.strings in Resources */,
				04D01620197959F000BA3CED /* Main.storyboard in Resources */,
			);
			runOnlyForDeploymentPostprocessing = 0;
		};
		04D01628197959F000BA3CED /* Resources */ = {
			isa = PBXResourcesBuildPhase;
			buildActionMask = 2147483647;
			files = (
				04D01636197959F000BA3CED /* InfoPlist.strings in Resources */,
			);
			runOnlyForDeploymentPostprocessing = 0;
		};
/* End PBXResourcesBuildPhase section */

/* Begin PBXSourcesBuildPhase section */
		04D01605197959F000BA3CED /* Sources */ = {
			isa = PBXSourcesBuildPhase;
			buildActionMask = 2147483647;
			files = (
				04D01623197959F000BA3CED /* ViewController.m in Sources */,
				04D0161D197959F000BA3CED /* AppDelegate.m in Sources */,
				04D01619197959F000BA3CED /* main.m in Sources */,
			);
			runOnlyForDeploymentPostprocessing = 0;
		};
		04D01626197959F000BA3CED /* Sources */ = {
			isa = PBXSourcesBuildPhase;
			buildActionMask = 2147483647;
			files = (
				04D01638197959F000BA3CED /* JSON__Tests.m in Sources */,
			);
			runOnlyForDeploymentPostprocessing = 0;
		};
/* End PBXSourcesBuildPhase section */

/* Begin PBXTargetDependency section */
		04D01630197959F000BA3CED /* PBXTargetDependency */ = {
			isa = PBXTargetDependency;
			target = 04D01608197959F000BA3CED /* JSON解析 */;
			targetProxy = 04D0162F197959F000BA3CED /* PBXContainerItemProxy */;
		};
/* End PBXTargetDependency section */

/* Begin PBXVariantGroup section */
		04D01615197959F000BA3CED /* InfoPlist.strings */ = {
			isa = PBXVariantGroup;
			children = (
				04D01616197959F000BA3CED /* en */,
			);
			name = InfoPlist.strings;
			sourceTree = "<group>";
		};
		04D0161E197959F000BA3CED /* Main.storyboard */ = {
			isa = PBXVariantGroup;
			children = (
				04D0161F197959F000BA3CED /* Base */,
			);
			name = Main.storyboard;
			sourceTree = "<group>";
		};
		04D01634197959F000BA3CED /* InfoPlist.strings */ = {
			isa = PBXVariantGroup;
			children = (
				04D01635197959F000BA3CED /* en */,
			);
			name = InfoPlist.strings;
			sourceTree = "<group>";
		};
/* End PBXVariantGroup section */

/* Begin XCBuildConfiguration section */
		04D01639197959F000BA3CED /* Debug */ = {
			isa = XCBuildConfiguration;
			buildSettings = {
				ALWAYS_SEARCH_USER_PATHS = NO;
				ARCHS = "$(ARCHS_STANDARD_INCLUDING_64_BIT)";
				CLANG_CXX_LANGUAGE_STANDARD = "gnu++0x";
				CLANG_CXX_LIBRARY = "libc++";
				CLANG_ENABLE_MODULES = YES;
				CLANG_ENABLE_OBJC_ARC = YES;
				CLANG_WARN_BOOL_CONVERSION = YES;
				CLANG_WARN_CONSTANT_CONVERSION = YES;
				CLANG_WARN_DIRECT_OBJC_ISA_USAGE = YES_ERROR;
				CLANG_WARN_EMPTY_BODY = YES;
				CLANG_WARN_ENUM_CONVERSION = YES;
				CLANG_WARN_INT_CONVERSION = YES;
				CLANG_WARN_OBJC_ROOT_CLASS = YES_ERROR;
				CLANG_WARN__DUPLICATE_METHOD_MATCH = YES;
				"CODE_SIGN_IDENTITY[sdk=iphoneos*]" = "iPhone Developer";
				COPY_PHASE_STRIP = NO;
				GCC_C_LANGUAGE_STANDARD = gnu99;
				GCC_DYNAMIC_NO_PIC = NO;
				GCC_OPTIMIZATION_LEVEL = 0;
				GCC_PREPROCESSOR_DEFINITIONS = (
					"DEBUG=1",
					"$(inherited)",
				);
				GCC_SYMBOLS_PRIVATE_EXTERN = NO;
				GCC_WARN_64_TO_32_BIT_CONVERSION = YES;
				GCC_WARN_ABOUT_RETURN_TYPE = YES_ERROR;
				GCC_WARN_UNDECLARED_SELECTOR = YES;
				GCC_WARN_UNINITIALIZED_AUTOS = YES;
				GCC_WARN_UNUSED_FUNCTION = YES;
				GCC_WARN_UNUSED_VARIABLE = YES;
				IPHONEOS_DEPLOYMENT_TARGET = 7.0;
				ONLY_ACTIVE_ARCH = YES;
				SDKROOT = iphoneos;
			};
			name = Debug;
		};
		04D0163A197959F000BA3CED /* Release */ = {
			isa = XCBuildConfiguration;
			buildSettings = {
				ALWAYS_SEARCH_USER_PATHS = NO;
				ARCHS = "$(ARCHS_STANDARD_INCLUDING_64_BIT)";
				CLANG_CXX_LANGUAGE_STANDARD = "gnu++0x";
				CLANG_CXX_LIBRARY = "libc++";
				CLANG_ENABLE_MODULES = YES;
				CLANG_ENABLE_OBJC_ARC = YES;
				CLANG_WARN_BOOL_CONVERSION = YES;
				CLANG_WARN_CONSTANT_CONVERSION = YES;
				CLANG_WARN_DIRECT_OBJC_ISA_USAGE = YES_ERROR;
				CLANG_WARN_EMPTY_BODY = YES;
				CLANG_WARN_ENUM_CONVERSION = YES;
				CLANG_WARN_INT_CONVERSION = YES;
				CLANG_WARN_OBJC_ROOT_CLASS = YES_ERROR;
				CLANG_WARN__DUPLICATE_METHOD_MATCH = YES;
				"CODE_SIGN_IDENTITY[sdk=iphoneos*]" = "iPhone Developer";
				COPY_PHASE_STRIP = YES;
				ENABLE_NS_ASSERTIONS = NO;
				GCC_C_LANGUAGE_STANDARD = gnu99;
				GCC_WARN_64_TO_32_BIT_CONVERSION = YES;
				GCC_WARN_ABOUT_RETURN_TYPE = YES_ERROR;
				GCC_WARN_UNDECLARED_SELECTOR = YES;
				GCC_WARN_UNINITIALIZED_AUTOS = YES;
				GCC_WARN_UNUSED_FUNCTION = YES;
				GCC_WARN_UNUSED_VARIABLE = YES;
				IPHONEOS_DEPLOYMENT_TARGET = 7.0;
				SDKROOT = iphoneos;
				VALIDATE_PRODUCT = YES;
			};
			name = Release;
		};
		04D0163C197959F000BA3CED /* Debug */ = {
			isa = XCBuildConfiguration;
			buildSettings = {
				ASSETCATALOG_COMPILER_APPICON_NAME = AppIcon;
				ASSETCATALOG_COMPILER_LAUNCHIMAGE_NAME = LaunchImage;
				GCC_PRECOMPILE_PREFIX_HEADER = YES;
				GCC_PREFIX_HEADER = "JSON解析/JSON解析-Prefix.pch";
				INFOPLIST_FILE = "JSON解析/JSON解析-Info.plist";
				IPHONEOS_DEPLOYMENT_TARGET = 6.0;
				PRODUCT_NAME = "$(TARGET_NAME)";
				WRAPPER_EXTENSION = app;
			};
			name = Debug;
		};
		04D0163D197959F000BA3CED /* Release */ = {
			isa = XCBuildConfiguration;
			buildSettings = {
				ASSETCATALOG_COMPILER_APPICON_NAME = AppIcon;
				ASSETCATALOG_COMPILER_LAUNCHIMAGE_NAME = LaunchImage;
				GCC_PRECOMPILE_PREFIX_HEADER = YES;
				GCC_PREFIX_HEADER = "JSON解析/JSON解析-Prefix.pch";
				INFOPLIST_FILE = "JSON解析/JSON解析-Info.plist";
				IPHONEOS_DEPLOYMENT_TARGET = 6.0;
				PRODUCT_NAME = "$(TARGET_NAME)";
				WRAPPER_EXTENSION = app;
			};
			name = Release;
		};
		04D0163F197959F000BA3CED /* Debug */ = {
			isa = XCBuildConfiguration;
			buildSettings = {
				ARCHS = "$(ARCHS_STANDARD_INCLUDING_64_BIT)";
				BUNDLE_LOADER = "$(BUILT_PRODUCTS_DIR)/JSON解析.app/JSON解析";
				FRAMEWORK_SEARCH_PATHS = (
					"$(SDKROOT)/Developer/Library/Frameworks",
					"$(inherited)",
					"$(DEVELOPER_FRAMEWORKS_DIR)",
				);
				GCC_PRECOMPILE_PREFIX_HEADER = YES;
				GCC_PREFIX_HEADER = "JSON解析/JSON解析-Prefix.pch";
				GCC_PREPROCESSOR_DEFINITIONS = (
					"DEBUG=1",
					"$(inherited)",
				);
				INFOPLIST_FILE = "JSON解析Tests/JSON解析Tests-Info.plist";
				PRODUCT_NAME = "$(TARGET_NAME)";
				TEST_HOST = "$(BUNDLE_LOADER)";
				WRAPPER_EXTENSION = xctest;
			};
			name = Debug;
		};
		04D01640197959F000BA3CED /* Release */ = {
			isa = XCBuildConfiguration;
			buildSettings = {
				ARCHS = "$(ARCHS_STANDARD_INCLUDING_64_BIT)";
				BUNDLE_LOADER = "$(BUILT_PRODUCTS_DIR)/JSON解析.app/JSON解析";
				FRAMEWORK_SEARCH_PATHS = (
					"$(SDKROOT)/Developer/Library/Frameworks",
					"$(inherited)",
					"$(DEVELOPER_FRAMEWORKS_DIR)",
				);
				GCC_PRECOMPILE_PREFIX_HEADER = YES;
				GCC_PREFIX_HEADER = "JSON解析/JSON解析-Prefix.pch";
				INFOPLIST_FILE = "JSON解析Tests/JSON解析Tests-Info.plist";
				PRODUCT_NAME = "$(TARGET_NAME)";
				TEST_HOST = "$(BUNDLE_LOADER)";
				WRAPPER_EXTENSION = xctest;
			};
			name = Release;
		};
/* End XCBuildConfiguration section */

/* Begin XCConfigurationList section */
		04D01604197959F000BA3CED /* Build configuration list for PBXProject "JSON解析" */ = {
			isa = XCConfigurationList;
			buildConfigurations = (
				04D01639197959F000BA3CED /* Debug */,
				04D0163A197959F000BA3CED /* Release */,
			);
			defaultConfigurationIsVisible = 0;
			defaultConfigurationName = Release;
		};
		04D0163B197959F000BA3CED /* Build configuration list for PBXNativeTarget "JSON解析" */ = {
			isa = XCConfigurationList;
			buildConfigurations = (
				04D0163C197959F000BA3CED /* Debug */,
				04D0163D197959F000BA3CED /* Release */,
			);
			defaultConfigurationIsVisible = 0;
		};
		04D0163E197959F000BA3CED /* Build configuration list for PBXNativeTarget "JSON解析Tests" */ = {
			isa = XCConfigurationList;
			buildConfigurations = (
				04D0163F197959F000BA3CED /* Debug */,
				04D01640197959F000BA3CED /* Release */,
			);
			defaultConfigurationIsVisible = 0;
		};
/* End XCConfigurationList section */
	};
	rootObject = 04D01601197959F000BA3CED /* Project object */;
}
