// !$*UTF8*$!
{
	archiveVersion = 1;
	classes = {
	};
	objectVersion = 46;
	objects = {

/* Begin PBXBuildFile section */
		04FD5CB51972B17900BB7C8B /* Foundation.framework in Frameworks */ = {isa = PBXBuildFile; fileRef = 04FD5CB41972B17900BB7C8B /* Foundation.framework */; };
		04FD5CB71972B17900BB7C8B /* CoreGraphics.framework in Frameworks */ = {isa = PBXBuildFile; fileRef = 04FD5CB61972B17900BB7C8B /* CoreGraphics.framework */; };
		04FD5CB91972B17900BB7C8B /* UIKit.framework in Frameworks */ = {isa = PBXBuildFile; fileRef = 04FD5CB81972B17900BB7C8B /* UIKit.framework */; };
		04FD5CBF1972B17900BB7C8B /* InfoPlist.strings in Resources */ = {isa = PBXBuildFile; fileRef = 04FD5CBD1972B17900BB7C8B /* InfoPlist.strings */; };
		04FD5CC11972B17900BB7C8B /* main.m in Sources */ = {isa = PBXBuildFile; fileRef = 04FD5CC01972B17900BB7C8B /* main.m */; };
		04FD5CC51972B17900BB7C8B /* AppDelegate.m in Sources */ = {isa = PBXBuildFile; fileRef = 04FD5CC41972B17900BB7C8B /* AppDelegate.m */; };
		04FD5CC81972B17900BB7C8B /* Main.storyboard in Resources */ = {isa = PBXBuildFile; fileRef = 04FD5CC61972B17900BB7C8B /* Main.storyboard */; };
		04FD5CCB1972B17900BB7C8B /* ViewController.m in Sources */ = {isa = PBXBuildFile; fileRef = 04FD5CCA1972B17900BB7C8B /* ViewController.m */; };
		04FD5CCD1972B17900BB7C8B /* Images.xcassets in Resources */ = {isa = PBXBuildFile; fileRef = 04FD5CCC1972B17900BB7C8B /* Images.xcassets */; };
		04FD5CD41972B17900BB7C8B /* XCTest.framework in Frameworks */ = {isa = PBXBuildFile; fileRef = 04FD5CD31972B17900BB7C8B /* XCTest.framework */; };
		04FD5CD51972B17900BB7C8B /* Foundation.framework in Frameworks */ = {isa = PBXBuildFile; fileRef = 04FD5CB41972B17900BB7C8B /* Foundation.framework */; };
		04FD5CD61972B17900BB7C8B /* UIKit.framework in Frameworks */ = {isa = PBXBuildFile; fileRef = 04FD5CB81972B17900BB7C8B /* UIKit.framework */; };
		04FD5CDE1972B17900BB7C8B /* InfoPlist.strings in Resources */ = {isa = PBXBuildFile; fileRef = 04FD5CDC1972B17900BB7C8B /* InfoPlist.strings */; };
		04FD5CE01972B17900BB7C8B /* _____PushTests.m in Sources */ = {isa = PBXBuildFile; fileRef = 04FD5CDF1972B17900BB7C8B /* _____PushTests.m */; };
		04FD5CEB1972B40100BB7C8B /* Scence2ViewController.m in Sources */ = {isa = PBXBuildFile; fileRef = 04FD5CEA1972B40100BB7C8B /* Scence2ViewController.m */; };
		04FD5CEE1972B47000BB7C8B /* Scence3ViewController.m in Sources */ = {isa = PBXBuildFile; fileRef = 04FD5CED1972B47000BB7C8B /* Scence3ViewController.m */; };
/* End PBXBuildFile section */

/* Begin PBXContainerItemProxy section */
		04FD5CD71972B17900BB7C8B /* PBXContainerItemProxy */ = {
			isa = PBXContainerItemProxy;
			containerPortal = 04FD5CA91972B17900BB7C8B /* Project object */;
			proxyType = 1;
			remoteGlobalIDString = 04FD5CB01972B17900BB7C8B;
			remoteInfo = "控制器切换Push";
		};
/* End PBXContainerItemProxy section */

/* Begin PBXFileReference section */
		04FD5CB11972B17900BB7C8B /* 控制器切换Push.app */ = {isa = PBXFileReference; explicitFileType = wrapper.application; includeInIndex = 0; path = "控制器切换Push.app"; sourceTree = BUILT_PRODUCTS_DIR; };
		04FD5CB41972B17900BB7C8B /* Foundation.framework */ = {isa = PBXFileReference; lastKnownFileType = wrapper.framework; name = Foundation.framework; path = System/Library/Frameworks/Foundation.framework; sourceTree = SDKROOT; };
		04FD5CB61972B17900BB7C8B /* CoreGraphics.framework */ = {isa = PBXFileReference; lastKnownFileType = wrapper.framework; name = CoreGraphics.framework; path = System/Library/Frameworks/CoreGraphics.framework; sourceTree = SDKROOT; };
		04FD5CB81972B17900BB7C8B /* UIKit.framework */ = {isa = PBXFileReference; lastKnownFileType = wrapper.framework; name = UIKit.framework; path = System/Library/Frameworks/UIKit.framework; sourceTree = SDKROOT; };
		04FD5CBC1972B17900BB7C8B /* 控制器切换Push-Info.plist */ = {isa = PBXFileReference; lastKnownFileType = text.plist.xml; path = "控制器切换Push-Info.plist"; sourceTree = "<group>"; };
		04FD5CBE1972B17900BB7C8B /* en */ = {isa = PBXFileReference; lastKnownFileType = text.plist.strings; name = en; path = en.lproj/InfoPlist.strings; sourceTree = "<group>"; };
		04FD5CC01972B17900BB7C8B /* main.m */ = {isa = PBXFileReference; lastKnownFileType = sourcecode.c.objc; path = main.m; sourceTree = "<group>"; };
		04FD5CC21972B17900BB7C8B /* 控制器切换Push-Prefix.pch */ = {isa = PBXFileReference; lastKnownFileType = sourcecode.c.h; path = "控制器切换Push-Prefix.pch"; sourceTree = "<group>"; };
		04FD5CC31972B17900BB7C8B /* AppDelegate.h */ = {isa = PBXFileReference; lastKnownFileType = sourcecode.c.h; path = AppDelegate.h; sourceTree = "<group>"; };
		04FD5CC41972B17900BB7C8B /* AppDelegate.m */ = {isa = PBXFileReference; lastKnownFileType = sourcecode.c.objc; path = AppDelegate.m; sourceTree = "<group>"; };
		04FD5CC71972B17900BB7C8B /* Base */ = {isa = PBXFileReference; lastKnownFileType = file.storyboard; name = Base; path = Base.lproj/Main.storyboard; sourceTree = "<group>"; };
		04FD5CC91972B17900BB7C8B /* ViewController.h */ = {isa = PBXFileReference; lastKnownFileType = sourcecode.c.h; path = ViewController.h; sourceTree = "<group>"; };
		04FD5CCA1972B17900BB7C8B /* ViewController.m */ = {isa = PBXFileReference; lastKnownFileType = sourcecode.c.objc; path = ViewController.m; sourceTree = "<group>"; };
		04FD5CCC1972B17900BB7C8B /* Images.xcassets */ = {isa = PBXFileReference; lastKnownFileType = folder.assetcatalog; path = Images.xcassets; sourceTree = "<group>"; };
		04FD5CD21972B17900BB7C8B /* 控制器切换PushTests.xctest */ = {isa = PBXFileReference; explicitFileType = wrapper.cfbundle; includeInIndex = 0; path = "控制器切换PushTests.xctest"; sourceTree = BUILT_PRODUCTS_DIR; };
		04FD5CD31972B17900BB7C8B /* XCTest.framework */ = {isa = PBXFileReference; lastKnownFileType = wrapper.framework; name = XCTest.framework; path = Library/Frameworks/XCTest.framework; sourceTree = DEVELOPER_DIR; };
		04FD5CDB1972B17900BB7C8B /* 控制器切换PushTests-Info.plist */ = {isa = PBXFileReference; lastKnownFileType = text.plist.xml; path = "控制器切换PushTests-Info.plist"; sourceTree = "<group>"; };
		04FD5CDD1972B17900BB7C8B /* en */ = {isa = PBXFileReference; lastKnownFileType = text.plist.strings; name = en; path = en.lproj/InfoPlist.strings; sourceTree = "<group>"; };
		04FD5CDF1972B17900BB7C8B /* _____PushTests.m */ = {isa = PBXFileReference; lastKnownFileType = sourcecode.c.objc; path = "_____PushTests.m"; sourceTree = "<group>"; };
		04FD5CE91972B40100BB7C8B /* Scence2ViewController.h */ = {isa = PBXFileReference; fileEncoding = 4; lastKnownFileType = sourcecode.c.h; path = Scence2ViewController.h; sourceTree = "<group>"; };
		04FD5CEA1972B40100BB7C8B /* Scence2ViewController.m */ = {isa = PBXFileReference; fileEncoding = 4; lastKnownFileType = sourcecode.c.objc; path = Scence2ViewController.m; sourceTree = "<group>"; };
		04FD5CEC1972B47000BB7C8B /* Scence3ViewController.h */ = {isa = PBXFileReference; fileEncoding = 4; lastKnownFileType = sourcecode.c.h; name = Scence3ViewController.h; path = ../Scence3ViewController.h; sourceTree = "<group>"; };
		04FD5CED1972B47000BB7C8B /* Scence3ViewController.m */ = {isa = PBXFileReference; fileEncoding = 4; lastKnownFileType = sourcecode.c.objc; name = Scence3ViewController.m; path = ../Scence3ViewController.m; sourceTree = "<group>"; };
/* End PBXFileReference section */

/* Begin PBXFrameworksBuildPhase section */
		04FD5CAE1972B17900BB7C8B /* Frameworks */ = {
			isa = PBXFrameworksBuildPhase;
			buildActionMask = 2147483647;
			files = (
				04FD5CB71972B17900BB7C8B /* CoreGraphics.framework in Frameworks */,
				04FD5CB91972B17900BB7C8B /* UIKit.framework in Frameworks */,
				04FD5CB51972B17900BB7C8B /* Foundation.framework in Frameworks */,
			);
			runOnlyForDeploymentPostprocessing = 0;
		};
		04FD5CCF1972B17900BB7C8B /* Frameworks */ = {
			isa = PBXFrameworksBuildPhase;
			buildActionMask = 2147483647;
			files = (
				04FD5CD41972B17900BB7C8B /* XCTest.framework in Frameworks */,
				04FD5CD61972B17900BB7C8B /* UIKit.framework in Frameworks */,
				04FD5CD51972B17900BB7C8B /* Foundation.framework in Frameworks */,
			);
			runOnlyForDeploymentPostprocessing = 0;
		};
/* End PBXFrameworksBuildPhase section */

/* Begin PBXGroup section */
		04FD5CA81972B17900BB7C8B = {
			isa = PBXGroup;
			children = (
				04FD5CBA1972B17900BB7C8B /* 控制器切换Push */,
				04FD5CD91972B17900BB7C8B /* 控制器切换PushTests */,
				04FD5CB31972B17900BB7C8B /* Frameworks */,
				04FD5CB21972B17900BB7C8B /* Products */,
			);
			sourceTree = "<group>";
		};
		04FD5CB21972B17900BB7C8B /* Products */ = {
			isa = PBXGroup;
			children = (
				04FD5CB11972B17900BB7C8B /* 控制器切换Push.app */,
				04FD5CD21972B17900BB7C8B /* 控制器切换PushTests.xctest */,
			);
			name = Products;
			sourceTree = "<group>";
		};
		04FD5CB31972B17900BB7C8B /* Frameworks */ = {
			isa = PBXGroup;
			children = (
				04FD5CB41972B17900BB7C8B /* Foundation.framework */,
				04FD5CB61972B17900BB7C8B /* CoreGraphics.framework */,
				04FD5CB81972B17900BB7C8B /* UIKit.framework */,
				04FD5CD31972B17900BB7C8B /* XCTest.framework */,
			);
			name = Frameworks;
			sourceTree = "<group>";
		};
		04FD5CBA1972B17900BB7C8B /* 控制器切换Push */ = {
			isa = PBXGroup;
			children = (
				04FD5CEC1972B47000BB7C8B /* Scence3ViewController.h */,
				04FD5CED1972B47000BB7C8B /* Scence3ViewController.m */,
				04FD5CE91972B40100BB7C8B /* Scence2ViewController.h */,
				04FD5CEA1972B40100BB7C8B /* Scence2ViewController.m */,
				04FD5CC31972B17900BB7C8B /* AppDelegate.h */,
				04FD5CC41972B17900BB7C8B /* AppDelegate.m */,
				04FD5CC61972B17900BB7C8B /* Main.storyboard */,
				04FD5CC91972B17900BB7C8B /* ViewController.h */,
				04FD5CCA1972B17900BB7C8B /* ViewController.m */,
				04FD5CCC1972B17900BB7C8B /* Images.xcassets */,
				04FD5CBB1972B17900BB7C8B /* Supporting Files */,
			);
			path = "控制器切换Push";
			sourceTree = "<group>";
		};
		04FD5CBB1972B17900BB7C8B /* Supporting Files */ = {
			isa = PBXGroup;
			children = (
				04FD5CBC1972B17900BB7C8B /* 控制器切换Push-Info.plist */,
				04FD5CBD1972B17900BB7C8B /* InfoPlist.strings */,
				04FD5CC01972B17900BB7C8B /* main.m */,
				04FD5CC21972B17900BB7C8B /* 控制器切换Push-Prefix.pch */,
			);
			name = "Supporting Files";
			sourceTree = "<group>";
		};
		04FD5CD91972B17900BB7C8B /* 控制器切换PushTests */ = {
			isa = PBXGroup;
			children = (
				04FD5CDF1972B17900BB7C8B /* _____PushTests.m */,
				04FD5CDA1972B17900BB7C8B /* Supporting Files */,
			);
			path = "控制器切换PushTests";
			sourceTree = "<group>";
		};
		04FD5CDA1972B17900BB7C8B /* Supporting Files */ = {
			isa = PBXGroup;
			children = (
				04FD5CDB1972B17900BB7C8B /* 控制器切换PushTests-Info.plist */,
				04FD5CDC1972B17900BB7C8B /* InfoPlist.strings */,
			);
			name = "Supporting Files";
			sourceTree = "<group>";
		};
/* End PBXGroup section */

/* Begin PBXNativeTarget section */
		04FD5CB01972B17900BB7C8B /* 控制器切换Push */ = {
			isa = PBXNativeTarget;
			buildConfigurationList = 04FD5CE31972B17900BB7C8B /* Build configuration list for PBXNativeTarget "控制器切换Push" */;
			buildPhases = (
				04FD5CAD1972B17900BB7C8B /* Sources */,
				04FD5CAE1972B17900BB7C8B /* Frameworks */,
				04FD5CAF1972B17900BB7C8B /* Resources */,
			);
			buildRules = (
			);
			dependencies = (
			);
			name = "控制器切换Push";
			productName = "控制器切换Push";
			productReference = 04FD5CB11972B17900BB7C8B /* 控制器切换Push.app */;
			productType = "com.apple.product-type.application";
		};
		04FD5CD11972B17900BB7C8B /* 控制器切换PushTests */ = {
			isa = PBXNativeTarget;
			buildConfigurationList = 04FD5CE61972B17900BB7C8B /* Build configuration list for PBXNativeTarget "控制器切换PushTests" */;
			buildPhases = (
				04FD5CCE1972B17900BB7C8B /* Sources */,
				04FD5CCF1972B17900BB7C8B /* Frameworks */,
				04FD5CD01972B17900BB7C8B /* Resources */,
			);
			buildRules = (
			);
			dependencies = (
				04FD5CD81972B17900BB7C8B /* PBXTargetDependency */,
			);
			name = "控制器切换PushTests";
			productName = "控制器切换PushTests";
			productReference = 04FD5CD21972B17900BB7C8B /* 控制器切换PushTests.xctest */;
			productType = "com.apple.product-type.bundle.unit-test";
		};
/* End PBXNativeTarget section */

/* Begin PBXProject section */
		04FD5CA91972B17900BB7C8B /* Project object */ = {
			isa = PBXProject;
			attributes = {
				LastUpgradeCheck = 0500;
				ORGANIZATIONNAME = mac;
				TargetAttributes = {
					04FD5CD11972B17900BB7C8B = {
						TestTargetID = 04FD5CB01972B17900BB7C8B;
					};
				};
			};
			buildConfigurationList = 04FD5CAC1972B17900BB7C8B /* Build configuration list for PBXProject "控制器切换Push" */;
			compatibilityVersion = "Xcode 3.2";
			developmentRegion = English;
			hasScannedForEncodings = 0;
			knownRegions = (
				en,
				Base,
			);
			mainGroup = 04FD5CA81972B17900BB7C8B;
			productRefGroup = 04FD5CB21972B17900BB7C8B /* Products */;
			projectDirPath = "";
			projectRoot = "";
			targets = (
				04FD5CB01972B17900BB7C8B /* 控制器切换Push */,
				04FD5CD11972B17900BB7C8B /* 控制器切换PushTests */,
			);
		};
/* End PBXProject section */

/* Begin PBXResourcesBuildPhase section */
		04FD5CAF1972B17900BB7C8B /* Resources */ = {
			isa = PBXResourcesBuildPhase;
			buildActionMask = 2147483647;
			files = (
				04FD5CCD1972B17900BB7C8B /* Images.xcassets in Resources */,
				04FD5CBF1972B17900BB7C8B /* InfoPlist.strings in Resources */,
				04FD5CC81972B17900BB7C8B /* Main.storyboard in Resources */,
			);
			runOnlyForDeploymentPostprocessing = 0;
		};
		04FD5CD01972B17900BB7C8B /* Resources */ = {
			isa = PBXResourcesBuildPhase;
			buildActionMask = 2147483647;
			files = (
				04FD5CDE1972B17900BB7C8B /* InfoPlist.strings in Resources */,
			);
			runOnlyForDeploymentPostprocessing = 0;
		};
/* End PBXResourcesBuildPhase section */

/* Begin PBXSourcesBuildPhase section */
		04FD5CAD1972B17900BB7C8B /* Sources */ = {
			isa = PBXSourcesBuildPhase;
			buildActionMask = 2147483647;
			files = (
				04FD5CEE1972B47000BB7C8B /* Scence3ViewController.m in Sources */,
				04FD5CEB1972B40100BB7C8B /* Scence2ViewController.m in Sources */,
				04FD5CCB1972B17900BB7C8B /* ViewController.m in Sources */,
				04FD5CC51972B17900BB7C8B /* AppDelegate.m in Sources */,
				04FD5CC11972B17900BB7C8B /* main.m in Sources */,
			);
			runOnlyForDeploymentPostprocessing = 0;
		};
		04FD5CCE1972B17900BB7C8B /* Sources */ = {
			isa = PBXSourcesBuildPhase;
			buildActionMask = 2147483647;
			files = (
				04FD5CE01972B17900BB7C8B /* _____PushTests.m in Sources */,
			);
			runOnlyForDeploymentPostprocessing = 0;
		};
/* End PBXSourcesBuildPhase section */

/* Begin PBXTargetDependency section */
		04FD5CD81972B17900BB7C8B /* PBXTargetDependency */ = {
			isa = PBXTargetDependency;
			target = 04FD5CB01972B17900BB7C8B /* 控制器切换Push */;
			targetProxy = 04FD5CD71972B17900BB7C8B /* PBXContainerItemProxy */;
		};
/* End PBXTargetDependency section */

/* Begin PBXVariantGroup section */
		04FD5CBD1972B17900BB7C8B /* InfoPlist.strings */ = {
			isa = PBXVariantGroup;
			children = (
				04FD5CBE1972B17900BB7C8B /* en */,
			);
			name = InfoPlist.strings;
			sourceTree = "<group>";
		};
		04FD5CC61972B17900BB7C8B /* Main.storyboard */ = {
			isa = PBXVariantGroup;
			children = (
				04FD5CC71972B17900BB7C8B /* Base */,
			);
			name = Main.storyboard;
			sourceTree = "<group>";
		};
		04FD5CDC1972B17900BB7C8B /* InfoPlist.strings */ = {
			isa = PBXVariantGroup;
			children = (
				04FD5CDD1972B17900BB7C8B /* en */,
			);
			name = InfoPlist.strings;
			sourceTree = "<group>";
		};
/* End PBXVariantGroup section */

/* Begin XCBuildConfiguration section */
		04FD5CE11972B17900BB7C8B /* Debug */ = {
			isa = XCBuildConfiguration;
			buildSettings = {
				ALWAYS_SEARCH_USER_PATHS = NO;
				ARCHS = "$(ARCHS_STANDARD_INCLUDING_64_BIT)";
				CLANG_CXX_LANGUAGE_STANDARD = "gnu++0x";
				CLANG_CXX_LIBRARY = "libc++";
				CLANG_ENABLE_MODULES = YES;
				CLANG_ENABLE_OBJC_ARC = YES;
				CLANG_WARN_BOOL_CONVERSION = YES;
				CLANG_WARN_CONSTANT_CONVERSION = YES;
				CLANG_WARN_DIRECT_OBJC_ISA_USAGE = YES_ERROR;
				CLANG_WARN_EMPTY_BODY = YES;
				CLANG_WARN_ENUM_CONVERSION = YES;
				CLANG_WARN_INT_CONVERSION = YES;
				CLANG_WARN_OBJC_ROOT_CLASS = YES_ERROR;
				CLANG_WARN__DUPLICATE_METHOD_MATCH = YES;
				"CODE_SIGN_IDENTITY[sdk=iphoneos*]" = "iPhone Developer";
				COPY_PHASE_STRIP = NO;
				GCC_C_LANGUAGE_STANDARD = gnu99;
				GCC_DYNAMIC_NO_PIC = NO;
				GCC_OPTIMIZATION_LEVEL = 0;
				GCC_PREPROCESSOR_DEFINITIONS = (
					"DEBUG=1",
					"$(inherited)",
				);
				GCC_SYMBOLS_PRIVATE_EXTERN = NO;
				GCC_WARN_64_TO_32_BIT_CONVERSION = YES;
				GCC_WARN_ABOUT_RETURN_TYPE = YES_ERROR;
				GCC_WARN_UNDECLARED_SELECTOR = YES;
				GCC_WARN_UNINITIALIZED_AUTOS = YES;
				GCC_WARN_UNUSED_FUNCTION = YES;
				GCC_WARN_UNUSED_VARIABLE = YES;
				IPHONEOS_DEPLOYMENT_TARGET = 7.0;
				ONLY_ACTIVE_ARCH = YES;
				SDKROOT = iphoneos;
			};
			name = Debug;
		};
		04FD5CE21972B17900BB7C8B /* Release */ = {
			isa = XCBuildConfiguration;
			buildSettings = {
				ALWAYS_SEARCH_USER_PATHS = NO;
				ARCHS = "$(ARCHS_STANDARD_INCLUDING_64_BIT)";
				CLANG_CXX_LANGUAGE_STANDARD = "gnu++0x";
				CLANG_CXX_LIBRARY = "libc++";
				CLANG_ENABLE_MODULES = YES;
				CLANG_ENABLE_OBJC_ARC = YES;
				CLANG_WARN_BOOL_CONVERSION = YES;
				CLANG_WARN_CONSTANT_CONVERSION = YES;
				CLANG_WARN_DIRECT_OBJC_ISA_USAGE = YES_ERROR;
				CLANG_WARN_EMPTY_BODY = YES;
				CLANG_WARN_ENUM_CONVERSION = YES;
				CLANG_WARN_INT_CONVERSION = YES;
				CLANG_WARN_OBJC_ROOT_CLASS = YES_ERROR;
				CLANG_WARN__DUPLICATE_METHOD_MATCH = YES;
				"CODE_SIGN_IDENTITY[sdk=iphoneos*]" = "iPhone Developer";
				COPY_PHASE_STRIP = YES;
				ENABLE_NS_ASSERTIONS = NO;
				GCC_C_LANGUAGE_STANDARD = gnu99;
				GCC_WARN_64_TO_32_BIT_CONVERSION = YES;
				GCC_WARN_ABOUT_RETURN_TYPE = YES_ERROR;
				GCC_WARN_UNDECLARED_SELECTOR = YES;
				GCC_WARN_UNINITIALIZED_AUTOS = YES;
				GCC_WARN_UNUSED_FUNCTION = YES;
				GCC_WARN_UNUSED_VARIABLE = YES;
				IPHONEOS_DEPLOYMENT_TARGET = 7.0;
				SDKROOT = iphoneos;
				VALIDATE_PRODUCT = YES;
			};
			name = Release;
		};
		04FD5CE41972B17900BB7C8B /* Debug */ = {
			isa = XCBuildConfiguration;
			buildSettings = {
				ASSETCATALOG_COMPILER_APPICON_NAME = AppIcon;
				ASSETCATALOG_COMPILER_LAUNCHIMAGE_NAME = LaunchImage;
				GCC_PRECOMPILE_PREFIX_HEADER = YES;
				GCC_PREFIX_HEADER = "控制器切换Push/控制器切换Push-Prefix.pch";
				INFOPLIST_FILE = "控制器切换Push/控制器切换Push-Info.plist";
				IPHONEOS_DEPLOYMENT_TARGET = 6.0;
				PRODUCT_NAME = "$(TARGET_NAME)";
				WRAPPER_EXTENSION = app;
			};
			name = Debug;
		};
		04FD5CE51972B17900BB7C8B /* Release */ = {
			isa = XCBuildConfiguration;
			buildSettings = {
				ASSETCATALOG_COMPILER_APPICON_NAME = AppIcon;
				ASSETCATALOG_COMPILER_LAUNCHIMAGE_NAME = LaunchImage;
				GCC_PRECOMPILE_PREFIX_HEADER = YES;
				GCC_PREFIX_HEADER = "控制器切换Push/控制器切换Push-Prefix.pch";
				INFOPLIST_FILE = "控制器切换Push/控制器切换Push-Info.plist";
				IPHONEOS_DEPLOYMENT_TARGET = 6.0;
				PRODUCT_NAME = "$(TARGET_NAME)";
				WRAPPER_EXTENSION = app;
			};
			name = Release;
		};
		04FD5CE71972B17900BB7C8B /* Debug */ = {
			isa = XCBuildConfiguration;
			buildSettings = {
				ARCHS = "$(ARCHS_STANDARD_INCLUDING_64_BIT)";
				BUNDLE_LOADER = "$(BUILT_PRODUCTS_DIR)/控制器切换Push.app/控制器切换Push";
				FRAMEWORK_SEARCH_PATHS = (
					"$(SDKROOT)/Developer/Library/Frameworks",
					"$(inherited)",
					"$(DEVELOPER_FRAMEWORKS_DIR)",
				);
				GCC_PRECOMPILE_PREFIX_HEADER = YES;
				GCC_PREFIX_HEADER = "控制器切换Push/控制器切换Push-Prefix.pch";
				GCC_PREPROCESSOR_DEFINITIONS = (
					"DEBUG=1",
					"$(inherited)",
				);
				INFOPLIST_FILE = "控制器切换PushTests/控制器切换PushTests-Info.plist";
				PRODUCT_NAME = "$(TARGET_NAME)";
				TEST_HOST = "$(BUNDLE_LOADER)";
				WRAPPER_EXTENSION = xctest;
			};
			name = Debug;
		};
		04FD5CE81972B17900BB7C8B /* Release */ = {
			isa = XCBuildConfiguration;
			buildSettings = {
				ARCHS = "$(ARCHS_STANDARD_INCLUDING_64_BIT)";
				BUNDLE_LOADER = "$(BUILT_PRODUCTS_DIR)/控制器切换Push.app/控制器切换Push";
				FRAMEWORK_SEARCH_PATHS = (
					"$(SDKROOT)/Developer/Library/Frameworks",
					"$(inherited)",
					"$(DEVELOPER_FRAMEWORKS_DIR)",
				);
				GCC_PRECOMPILE_PREFIX_HEADER = YES;
				GCC_PREFIX_HEADER = "控制器切换Push/控制器切换Push-Prefix.pch";
				INFOPLIST_FILE = "控制器切换PushTests/控制器切换PushTests-Info.plist";
				PRODUCT_NAME = "$(TARGET_NAME)";
				TEST_HOST = "$(BUNDLE_LOADER)";
				WRAPPER_EXTENSION = xctest;
			};
			name = Release;
		};
/* End XCBuildConfiguration section */

/* Begin XCConfigurationList section */
		04FD5CAC1972B17900BB7C8B /* Build configuration list for PBXProject "控制器切换Push" */ = {
			isa = XCConfigurationList;
			buildConfigurations = (
				04FD5CE11972B17900BB7C8B /* Debug */,
				04FD5CE21972B17900BB7C8B /* Release */,
			);
			defaultConfigurationIsVisible = 0;
			defaultConfigurationName = Release;
		};
		04FD5CE31972B17900BB7C8B /* Build configuration list for PBXNativeTarget "控制器切换Push" */ = {
			isa = XCConfigurationList;
			buildConfigurations = (
				04FD5CE41972B17900BB7C8B /* Debug */,
				04FD5CE51972B17900BB7C8B /* Release */,
			);
			defaultConfigurationIsVisible = 0;
		};
		04FD5CE61972B17900BB7C8B /* Build configuration list for PBXNativeTarget "控制器切换PushTests" */ = {
			isa = XCConfigurationList;
			buildConfigurations = (
				04FD5CE71972B17900BB7C8B /* Debug */,
				04FD5CE81972B17900BB7C8B /* Release */,
			);
			defaultConfigurationIsVisible = 0;
		};
/* End XCConfigurationList section */
	};
	rootObject = 04FD5CA91972B17900BB7C8B /* Project object */;
}
